
Microsoft Visual Studio Solution File, Format Version 12.00
# Visual Studio Version 16
VisualStudioVersion = 16.0.31729.503
MinimumVisualStudioVersion = 10.0.40219.1
Project("{FAE04EC0-301F-11D3-BF4B-00C04F79EFBC}") = "Task1984", "Task1984\Task1984.csproj", "{321CA032-81C8-40E1-A1B2-CCEC62EFC23B}"
EndProject
Global
	GlobalSection(SolutionConfigurationPlatforms) = preSolution
		Debug|Any CPU = Debug|Any CPU
		Release|Any CPU = Release|Any CPU
	EndGlobalSection
	GlobalSection(ProjectConfigurationPlatforms) = postSolution
		{321CA032-81C8-40E1-A1B2-CCEC62EFC23B}.Debug|Any CPU.ActiveCfg = Debug|Any CPU
		{321CA032-81C8-40E1-A1B2-CCEC62EFC23B}.Debug|Any CPU.Build.0 = Debug|Any CPU
		{321CA032-81C8-40E1-A1B2-CCEC62EFC23B}.Release|Any CPU.ActiveCfg = Release|Any CPU
		{321CA032-81C8-40E1-A1B2-CCEC62EFC23B}.Release|Any CPU.Build.0 = Release|Any CPU
	EndGlobalSection
	GlobalSection(SolutionProperties) = preSolution
		HideSolutionNode = FALSE
	EndGlobalSection
	GlobalSection(ExtensibilityGlobals) = postSolution
		SolutionGuid = {AE918DA8-911D-49DA-A0AF-17ED5C6C9FFE}
	EndGlobalSection
EndGlobal
